
Microsoft Visual Studio Solution File, Format Version 12.00
Project("{2150E333-8FDC-42A3-9474-1A3956D46DE8}") = "src", "src", "{3AC1B2A3-6AC0-4E2C-8193-CD7FFFD65354}"
EndProject
Project("{FAE04EC0-301F-11D3-BF4B-00C04F79EFBC}") = "ProjectManagement.DAL", "ProjectManagement.DAL\ProjectManagement.DAL.csproj", "{A84AA347-C923-40FD-8F0D-D1796128CFC6}"
EndProject
Project("{FAE04EC0-301F-11D3-BF4B-00C04F79EFBC}") = "ProjectManagement.BAL", "ProjectManagement.BAL\ProjectManagement.BAL.csproj", "{A5067C31-2FC3-4E33-8D5A-B86002B5D427}"
EndProject
Project("{2150E333-8FDC-42A3-9474-1A3956D46DE8}") = "tests", "tests", "{B9E6BF9E-FC53-42DA-A443-238913173EE3}"
EndProject
Project("{FAE04EC0-301F-11D3-BF4B-00C04F79EFBC}") = "ProjectManagement.UnitTests", "ProjectManagement.UnitTests\ProjectManagement.UnitTests.csproj", "{6DEC416C-112D-4385-AD4F-6FD1A0C45F39}"
EndProject
Project("{FAE04EC0-301F-11D3-BF4B-00C04F79EFBC}") = "ProjectManagement.API", "ProjectManagement.API\ProjectManagement.API.csproj", "{7F7D4120-1B1A-4A0A-A689-033F914F4154}"
EndProject
Global
	GlobalSection(SolutionConfigurationPlatforms) = preSolution
		Debug|Any CPU = Debug|Any CPU
		Release|Any CPU = Release|Any CPU
	EndGlobalSection
	GlobalSection(NestedProjects) = preSolution
		{A84AA347-C923-40FD-8F0D-D1796128CFC6} = {3AC1B2A3-6AC0-4E2C-8193-CD7FFFD65354}
		{A5067C31-2FC3-4E33-8D5A-B86002B5D427} = {3AC1B2A3-6AC0-4E2C-8193-CD7FFFD65354}
		{6DEC416C-112D-4385-AD4F-6FD1A0C45F39} = {B9E6BF9E-FC53-42DA-A443-238913173EE3}
		{7F7D4120-1B1A-4A0A-A689-033F914F4154} = {3AC1B2A3-6AC0-4E2C-8193-CD7FFFD65354}
	EndGlobalSection
	GlobalSection(ProjectConfigurationPlatforms) = postSolution
		{A84AA347-C923-40FD-8F0D-D1796128CFC6}.Debug|Any CPU.ActiveCfg = Debug|Any CPU
		{A84AA347-C923-40FD-8F0D-D1796128CFC6}.Debug|Any CPU.Build.0 = Debug|Any CPU
		{A84AA347-C923-40FD-8F0D-D1796128CFC6}.Release|Any CPU.ActiveCfg = Release|Any CPU
		{A84AA347-C923-40FD-8F0D-D1796128CFC6}.Release|Any CPU.Build.0 = Release|Any CPU
		{A5067C31-2FC3-4E33-8D5A-B86002B5D427}.Debug|Any CPU.ActiveCfg = Debug|Any CPU
		{A5067C31-2FC3-4E33-8D5A-B86002B5D427}.Debug|Any CPU.Build.0 = Debug|Any CPU
		{A5067C31-2FC3-4E33-8D5A-B86002B5D427}.Release|Any CPU.ActiveCfg = Release|Any CPU
		{A5067C31-2FC3-4E33-8D5A-B86002B5D427}.Release|Any CPU.Build.0 = Release|Any CPU
		{6DEC416C-112D-4385-AD4F-6FD1A0C45F39}.Debug|Any CPU.ActiveCfg = Debug|Any CPU
		{6DEC416C-112D-4385-AD4F-6FD1A0C45F39}.Debug|Any CPU.Build.0 = Debug|Any CPU
		{6DEC416C-112D-4385-AD4F-6FD1A0C45F39}.Release|Any CPU.ActiveCfg = Release|Any CPU
		{6DEC416C-112D-4385-AD4F-6FD1A0C45F39}.Release|Any CPU.Build.0 = Release|Any CPU
		{7F7D4120-1B1A-4A0A-A689-033F914F4154}.Debug|Any CPU.ActiveCfg = Debug|Any CPU
		{7F7D4120-1B1A-4A0A-A689-033F914F4154}.Debug|Any CPU.Build.0 = Debug|Any CPU
		{7F7D4120-1B1A-4A0A-A689-033F914F4154}.Release|Any CPU.ActiveCfg = Release|Any CPU
		{7F7D4120-1B1A-4A0A-A689-033F914F4154}.Release|Any CPU.Build.0 = Release|Any CPU
	EndGlobalSection
EndGlobal
